
Microsoft Visual Studio Solution File, Format Version 12.00
# Visual Studio Version 17
VisualStudioVersion = 17.12.35410.144 d17.12
MinimumVisualStudioVersion = 10.0.40219.1
Project("{FAE04EC0-301F-11D3-BF4B-00C04F79EFBC}") = "EntityTools.Test", "EntityTools.Test\EntityTools.Test.csproj", "{D928E0AB-B606-456D-91B2-B6FCF90EC916}"
EndProject
Project("{FAE04EC0-301F-11D3-BF4B-00C04F79EFBC}") = "EntityTools", "EntityTools\EntityTools.csproj", "{930EB54D-0D81-4578-904F-055ED2443DA1}"
EndProject
Project("{FAE04EC0-301F-11D3-BF4B-00C04F79EFBC}") = "ConsoleTester", "ConsoleTester\ConsoleTester.csproj", "{EF8EB7B3-6070-41D4-9FBB-B59C72BA1653}"
EndProject
Global
	GlobalSection(SolutionConfigurationPlatforms) = preSolution
		Debug|Any CPU = Debug|Any CPU
		Release|Any CPU = Release|Any CPU
	EndGlobalSection
	GlobalSection(ProjectConfigurationPlatforms) = postSolution
		{D928E0AB-B606-456D-91B2-B6FCF90EC916}.Debug|Any CPU.ActiveCfg = Debug|Any CPU
		{D928E0AB-B606-456D-91B2-B6FCF90EC916}.Debug|Any CPU.Build.0 = Debug|Any CPU
		{D928E0AB-B606-456D-91B2-B6FCF90EC916}.Release|Any CPU.ActiveCfg = Release|Any CPU
		{D928E0AB-B606-456D-91B2-B6FCF90EC916}.Release|Any CPU.Build.0 = Release|Any CPU
		{930EB54D-0D81-4578-904F-055ED2443DA1}.Debug|Any CPU.ActiveCfg = Debug|Any CPU
		{930EB54D-0D81-4578-904F-055ED2443DA1}.Debug|Any CPU.Build.0 = Debug|Any CPU
		{930EB54D-0D81-4578-904F-055ED2443DA1}.Release|Any CPU.ActiveCfg = Release|Any CPU
		{930EB54D-0D81-4578-904F-055ED2443DA1}.Release|Any CPU.Build.0 = Release|Any CPU
		{EF8EB7B3-6070-41D4-9FBB-B59C72BA1653}.Debug|Any CPU.ActiveCfg = Debug|Any CPU
		{EF8EB7B3-6070-41D4-9FBB-B59C72BA1653}.Debug|Any CPU.Build.0 = Debug|Any CPU
		{EF8EB7B3-6070-41D4-9FBB-B59C72BA1653}.Release|Any CPU.ActiveCfg = Release|Any CPU
		{EF8EB7B3-6070-41D4-9FBB-B59C72BA1653}.Release|Any CPU.Build.0 = Release|Any CPU
	EndGlobalSection
	GlobalSection(SolutionProperties) = preSolution
		HideSolutionNode = FALSE
	EndGlobalSection
EndGlobal
